
Microsoft Visual Studio Solution File, Format Version 12.00
# Visual Studio 15
VisualStudioVersion = 15.0.26228.9
MinimumVisualStudioVersion = 10.0.40219.1
Project("{FAE04EC0-301F-11D3-BF4B-00C04F79EFBC}") = "Medyana", "Medyana\Medyana.csproj", "{5EC45B62-9F62-4FBC-B350-037C84568CEC}"
EndProject
Project("{FAE04EC0-301F-11D3-BF4B-00C04F79EFBC}") = "Medyana.Tests", "Medyana.Tests\Medyana.Tests.csproj", "{2347E0A8-924E-42EA-9623-CB555468BD57}"
EndProject
Project("{FAE04EC0-301F-11D3-BF4B-00C04F79EFBC}") = "Integration", "Integration\Integration.csproj", "{3F410E89-CC43-4BCF-B939-0329D6642B7B}"
EndProject
Project("{FAE04EC0-301F-11D3-BF4B-00C04F79EFBC}") = "Common.Utilities", "Common.Utilities\Common.Utilities.csproj", "{1E4624E2-757B-4839-A6CE-F3DF83D16C15}"
EndProject
Global
	GlobalSection(SolutionConfigurationPlatforms) = preSolution
		Debug|Any CPU = Debug|Any CPU
		Release|Any CPU = Release|Any CPU
	EndGlobalSection
	GlobalSection(ProjectConfigurationPlatforms) = postSolution
		{5EC45B62-9F62-4FBC-B350-037C84568CEC}.Debug|Any CPU.ActiveCfg = Debug|Any CPU
		{5EC45B62-9F62-4FBC-B350-037C84568CEC}.Debug|Any CPU.Build.0 = Debug|Any CPU
		{5EC45B62-9F62-4FBC-B350-037C84568CEC}.Release|Any CPU.ActiveCfg = Release|Any CPU
		{5EC45B62-9F62-4FBC-B350-037C84568CEC}.Release|Any CPU.Build.0 = Release|Any CPU
		{2347E0A8-924E-42EA-9623-CB555468BD57}.Debug|Any CPU.ActiveCfg = Debug|Any CPU
		{2347E0A8-924E-42EA-9623-CB555468BD57}.Debug|Any CPU.Build.0 = Debug|Any CPU
		{2347E0A8-924E-42EA-9623-CB555468BD57}.Release|Any CPU.ActiveCfg = Release|Any CPU
		{2347E0A8-924E-42EA-9623-CB555468BD57}.Release|Any CPU.Build.0 = Release|Any CPU
		{3F410E89-CC43-4BCF-B939-0329D6642B7B}.Debug|Any CPU.ActiveCfg = Debug|Any CPU
		{3F410E89-CC43-4BCF-B939-0329D6642B7B}.Debug|Any CPU.Build.0 = Debug|Any CPU
		{3F410E89-CC43-4BCF-B939-0329D6642B7B}.Release|Any CPU.ActiveCfg = Release|Any CPU
		{3F410E89-CC43-4BCF-B939-0329D6642B7B}.Release|Any CPU.Build.0 = Release|Any CPU
		{1E4624E2-757B-4839-A6CE-F3DF83D16C15}.Debug|Any CPU.ActiveCfg = Debug|Any CPU
		{1E4624E2-757B-4839-A6CE-F3DF83D16C15}.Debug|Any CPU.Build.0 = Debug|Any CPU
		{1E4624E2-757B-4839-A6CE-F3DF83D16C15}.Release|Any CPU.ActiveCfg = Release|Any CPU
		{1E4624E2-757B-4839-A6CE-F3DF83D16C15}.Release|Any CPU.Build.0 = Release|Any CPU
	EndGlobalSection
	GlobalSection(SolutionProperties) = preSolution
		HideSolutionNode = FALSE
	EndGlobalSection
EndGlobal
